// !$*UTF8*$!
{
	archiveVersion = 1;
	classes = {
	};
	objectVersion = 46;
	objects = {

/* Begin PBXBuildFile section */
		3B73129B1E2678B1001572A9 /* AppDelegate.swift in Sources */ = {isa = PBXBuildFile; fileRef = 3B73129A1E2678B1001572A9 /* AppDelegate.swift */; };
		3B73129D1E2678B1001572A9 /* ViewController.swift in Sources */ = {isa = PBXBuildFile; fileRef = 3B73129C1E2678B1001572A9 /* ViewController.swift */; };
		3B7312A01E2678B1001572A9 /* Main.storyboard in Resources */ = {isa = PBXBuildFile; fileRef = 3B73129E1E2678B1001572A9 /* Main.storyboard */; };
		3B7312A21E2678B1001572A9 /* Assets.xcassets in Resources */ = {isa = PBXBuildFile; fileRef = 3B7312A11E2678B1001572A9 /* Assets.xcassets */; };
		3B7312A51E2678B1001572A9 /* LaunchScreen.storyboard in Resources */ = {isa = PBXBuildFile; fileRef = 3B7312A31E2678B1001572A9 /* LaunchScreen.storyboard */; };
		3B7312B01E2678B2001572A9 /* testmobilecenterTests.swift in Sources */ = {isa = PBXBuildFile; fileRef = 3B7312AF1E2678B2001572A9 /* testmobilecenterTests.swift */; };
		3B7312BB1E2678B2001572A9 /* testmobilecenterUITests.swift in Sources */ = {isa = PBXBuildFile; fileRef = 3B7312BA1E2678B2001572A9 /* testmobilecenterUITests.swift */; };
/* End PBXBuildFile section */

/* Begin PBXContainerItemProxy section */
		3B7312AC1E2678B2001572A9 /* PBXContainerItemProxy */ = {
			isa = PBXContainerItemProxy;
			containerPortal = 3B73128F1E2678B1001572A9 /* Project object */;
			proxyType = 1;
			remoteGlobalIDString = 3B7312961E2678B1001572A9;
			remoteInfo = testmobilecenter;
		};
		3B7312B71E2678B2001572A9 /* PBXContainerItemProxy */ = {
			isa = PBXContainerItemProxy;
			containerPortal = 3B73128F1E2678B1001572A9 /* Project object */;
			proxyType = 1;
			remoteGlobalIDString = 3B7312961E2678B1001572A9;
			remoteInfo = testmobilecenter;
		};
/* End PBXContainerItemProxy section */

/* Begin PBXFileReference section */
		3B7312971E2678B1001572A9 /* testmobilecenter.app */ = {isa = PBXFileReference; explicitFileType = wrapper.application; includeInIndex = 0; path = testmobilecenter.app; sourceTree = BUILT_PRODUCTS_DIR; };
		3B73129A1E2678B1001572A9 /* AppDelegate.swift */ = {isa = PBXFileReference; lastKnownFileType = sourcecode.swift; path = AppDelegate.swift; sourceTree = "<group>"; };
		3B73129C1E2678B1001572A9 /* ViewController.swift */ = {isa = PBXFileReference; lastKnownFileType = sourcecode.swift; path = ViewController.swift; sourceTree = "<group>"; };
		3B73129F1E2678B1001572A9 /* Base */ = {isa = PBXFileReference; lastKnownFileType = file.storyboard; name = Base; path = Base.lproj/Main.storyboard; sourceTree = "<group>"; };
		3B7312A11E2678B1001572A9 /* Assets.xcassets */ = {isa = PBXFileReference; lastKnownFileType = folder.assetcatalog; path = Assets.xcassets; sourceTree = "<group>"; };
		3B7312A41E2678B1001572A9 /* Base */ = {isa = PBXFileReference; lastKnownFileType = file.storyboard; name = Base; path = Base.lproj/LaunchScreen.storyboard; sourceTree = "<group>"; };
		3B7312A61E2678B1001572A9 /* Info.plist */ = {isa = PBXFileReference; lastKnownFileType = text.plist.xml; path = Info.plist; sourceTree = "<group>"; };
		3B7312AB1E2678B2001572A9 /* testmobilecenterTests.xctest */ = {isa = PBXFileReference; explicitFileType = wrapper.cfbundle; includeInIndex = 0; path = testmobilecenterTests.xctest; sourceTree = BUILT_PRODUCTS_DIR; };
		3B7312AF1E2678B2001572A9 /* testmobilecenterTests.swift */ = {isa = PBXFileReference; lastKnownFileType = sourcecode.swift; path = testmobilecenterTests.swift; sourceTree = "<group>"; };
		3B7312B11E2678B2001572A9 /* Info.plist */ = {isa = PBXFileReference; lastKnownFileType = text.plist.xml; path = Info.plist; sourceTree = "<group>"; };
		3B7312B61E2678B2001572A9 /* testmobilecenterUITests.xctest */ = {isa = PBXFileReference; explicitFileType = wrapper.cfbundle; includeInIndex = 0; path = testmobilecenterUITests.xctest; sourceTree = BUILT_PRODUCTS_DIR; };
		3B7312BA1E2678B2001572A9 /* testmobilecenterUITests.swift */ = {isa = PBXFileReference; lastKnownFileType = sourcecode.swift; path = testmobilecenterUITests.swift; sourceTree = "<group>"; };
		3B7312BC1E2678B2001572A9 /* Info.plist */ = {isa = PBXFileReference; lastKnownFileType = text.plist.xml; path = Info.plist; sourceTree = "<group>"; };
/* End PBXFileReference section */

/* Begin PBXFrameworksBuildPhase section */
		3B7312941E2678B1001572A9 /* Frameworks */ = {
			isa = PBXFrameworksBuildPhase;
			buildActionMask = 2147483647;
			files = (
			);
			runOnlyForDeploymentPostprocessing = 0;
		};
		3B7312A81E2678B2001572A9 /* Frameworks */ = {
			isa = PBXFrameworksBuildPhase;
			buildActionMask = 2147483647;
			files = (
			);
			runOnlyForDeploymentPostprocessing = 0;
		};
		3B7312B31E2678B2001572A9 /* Frameworks */ = {
			isa = PBXFrameworksBuildPhase;
			buildActionMask = 2147483647;
			files = (
			);
			runOnlyForDeploymentPostprocessing = 0;
		};
/* End PBXFrameworksBuildPhase section */

/* Begin PBXGroup section */
		3B73128E1E2678B1001572A9 = {
			isa = PBXGroup;
			children = (
				3B7312991E2678B1001572A9 /* testmobilecenter */,
				3B7312AE1E2678B2001572A9 /* testmobilecenterTests */,
				3B7312B91E2678B2001572A9 /* testmobilecenterUITests */,
				3B7312981E2678B1001572A9 /* Products */,
			);
			sourceTree = "<group>";
		};
		3B7312981E2678B1001572A9 /* Products */ = {
			isa = PBXGroup;
			children = (
				3B7312971E2678B1001572A9 /* testmobilecenter.app */,
				3B7312AB1E2678B2001572A9 /* testmobilecenterTests.xctest */,
				3B7312B61E2678B2001572A9 /* testmobilecenterUITests.xctest */,
			);
			name = Products;
			sourceTree = "<group>";
		};
		3B7312991E2678B1001572A9 /* testmobilecenter */ = {
			isa = PBXGroup;
			children = (
				3B73129A1E2678B1001572A9 /* AppDelegate.swift */,
				3B73129C1E2678B1001572A9 /* ViewController.swift */,
				3B73129E1E2678B1001572A9 /* Main.storyboard */,
				3B7312A11E2678B1001572A9 /* Assets.xcassets */,
				3B7312A31E2678B1001572A9 /* LaunchScreen.storyboard */,
				3B7312A61E2678B1001572A9 /* Info.plist */,
			);
			path = testmobilecenter;
			sourceTree = "<group>";
		};
		3B7312AE1E2678B2001572A9 /* testmobilecenterTests */ = {
			isa = PBXGroup;
			children = (
				3B7312AF1E2678B2001572A9 /* testmobilecenterTests.swift */,
				3B7312B11E2678B2001572A9 /* Info.plist */,
			);
			path = testmobilecenterTests;
			sourceTree = "<group>";
		};
		3B7312B91E2678B2001572A9 /* testmobilecenterUITests */ = {
			isa = PBXGroup;
			children = (
				3B7312BA1E2678B2001572A9 /* testmobilecenterUITests.swift */,
				3B7312BC1E2678B2001572A9 /* Info.plist */,
			);
			path = testmobilecenterUITests;
			sourceTree = "<group>";
		};
/* End PBXGroup section */

/* Begin PBXNativeTarget section */
		3B7312961E2678B1001572A9 /* testmobilecenter */ = {
			isa = PBXNativeTarget;
			buildConfigurationList = 3B7312BF1E2678B2001572A9 /* Build configuration list for PBXNativeTarget "testmobilecenter" */;
			buildPhases = (
				3B7312931E2678B1001572A9 /* Sources */,
				3B7312941E2678B1001572A9 /* Frameworks */,
				3B7312951E2678B1001572A9 /* Resources */,
			);
			buildRules = (
			);
			dependencies = (
			);
			name = testmobilecenter;
			productName = testmobilecenter;
			productReference = 3B7312971E2678B1001572A9 /* testmobilecenter.app */;
			productType = "com.apple.product-type.application";
		};
		3B7312AA1E2678B2001572A9 /* testmobilecenterTests */ = {
			isa = PBXNativeTarget;
			buildConfigurationList = 3B7312C21E2678B2001572A9 /* Build configuration list for PBXNativeTarget "testmobilecenterTests" */;
			buildPhases = (
				3B7312A71E2678B2001572A9 /* Sources */,
				3B7312A81E2678B2001572A9 /* Frameworks */,
				3B7312A91E2678B2001572A9 /* Resources */,
			);
			buildRules = (
			);
			dependencies = (
				3B7312AD1E2678B2001572A9 /* PBXTargetDependency */,
			);
			name = testmobilecenterTests;
			productName = testmobilecenterTests;
			productReference = 3B7312AB1E2678B2001572A9 /* testmobilecenterTests.xctest */;
			productType = "com.apple.product-type.bundle.unit-test";
		};
		3B7312B51E2678B2001572A9 /* testmobilecenterUITests */ = {
			isa = PBXNativeTarget;
			buildConfigurationList = 3B7312C51E2678B2001572A9 /* Build configuration list for PBXNativeTarget "testmobilecenterUITests" */;
			buildPhases = (
				3B7312B21E2678B2001572A9 /* Sources */,
				3B7312B31E2678B2001572A9 /* Frameworks */,
				3B7312B41E2678B2001572A9 /* Resources */,
			);
			buildRules = (
			);
			dependencies = (
				3B7312B81E2678B2001572A9 /* PBXTargetDependency */,
			);
			name = testmobilecenterUITests;
			productName = testmobilecenterUITests;
			productReference = 3B7312B61E2678B2001572A9 /* testmobilecenterUITests.xctest */;
			productType = "com.apple.product-type.bundle.ui-testing";
		};
/* End PBXNativeTarget section */

/* Begin PBXProject section */
		3B73128F1E2678B1001572A9 /* Project object */ = {
			isa = PBXProject;
			attributes = {
				LastSwiftUpdateCheck = 0820;
				LastUpgradeCheck = 0820;
				ORGANIZATIONNAME = "Dss HusqvarnaGroup";
				TargetAttributes = {
					3B7312961E2678B1001572A9 = {
						CreatedOnToolsVersion = 8.2.1;
						ProvisioningStyle = Automatic;
					};
					3B7312AA1E2678B2001572A9 = {
						CreatedOnToolsVersion = 8.2.1;
						ProvisioningStyle = Automatic;
						TestTargetID = 3B7312961E2678B1001572A9;
					};
					3B7312B51E2678B2001572A9 = {
						CreatedOnToolsVersion = 8.2.1;
						ProvisioningStyle = Automatic;
						TestTargetID = 3B7312961E2678B1001572A9;
					};
				};
			};
			buildConfigurationList = 3B7312921E2678B1001572A9 /* Build configuration list for PBXProject "testmobilecenter" */;
			compatibilityVersion = "Xcode 3.2";
			developmentRegion = English;
			hasScannedForEncodings = 0;
			knownRegions = (
				en,
				Base,
			);
			mainGroup = 3B73128E1E2678B1001572A9;
			productRefGroup = 3B7312981E2678B1001572A9 /* Products */;
			projectDirPath = "";
			projectRoot = "";
			targets = (
				3B7312961E2678B1001572A9 /* testmobilecenter */,
				3B7312AA1E2678B2001572A9 /* testmobilecenterTests */,
				3B7312B51E2678B2001572A9 /* testmobilecenterUITests */,
			);
		};
/* End PBXProject section */

/* Begin PBXResourcesBuildPhase section */
		3B7312951E2678B1001572A9 /* Resources */ = {
			isa = PBXResourcesBuildPhase;
			buildActionMask = 2147483647;
			files = (
				3B7312A51E2678B1001572A9 /* LaunchScreen.storyboard in Resources */,
				3B7312A21E2678B1001572A9 /* Assets.xcassets in Resources */,
				3B7312A01E2678B1001572A9 /* Main.storyboard in Resources */,
			);
			runOnlyForDeploymentPostprocessing = 0;
		};
		3B7312A91E2678B2001572A9 /* Resources */ = {
			isa = PBXResourcesBuildPhase;
			buildActionMask = 2147483647;
			files = (
			);
			runOnlyForDeploymentPostprocessing = 0;
		};
		3B7312B41E2678B2001572A9 /* Resources */ = {
			isa = PBXResourcesBuildPhase;
			buildActionMask = 2147483647;
			files = (
			);
			runOnlyForDeploymentPostprocessing = 0;
		};
/* End PBXResourcesBuildPhase section */

/* Begin PBXSourcesBuildPhase section */
		3B7312931E2678B1001572A9 /* Sources */ = {
			isa = PBXSourcesBuildPhase;
			buildActionMask = 2147483647;
			files = (
				3B73129D1E2678B1001572A9 /* ViewController.swift in Sources */,
				3B73129B1E2678B1001572A9 /* AppDelegate.swift in Sources */,
			);
			runOnlyForDeploymentPostprocessing = 0;
		};
		3B7312A71E2678B2001572A9 /* Sources */ = {
			isa = PBXSourcesBuildPhase;
			buildActionMask = 2147483647;
			files = (
				3B7312B01E2678B2001572A9 /* testmobilecenterTests.swift in Sources */,
			);
			runOnlyForDeploymentPostprocessing = 0;
		};
		3B7312B21E2678B2001572A9 /* Sources */ = {
			isa = PBXSourcesBuildPhase;
			buildActionMask = 2147483647;
			files = (
				3B7312BB1E2678B2001572A9 /* testmobilecenterUITests.swift in Sources */,
			);
			runOnlyForDeploymentPostprocessing = 0;
		};
/* End PBXSourcesBuildPhase section */

/* Begin PBXTargetDependency section */
		3B7312AD1E2678B2001572A9 /* PBXTargetDependency */ = {
			isa = PBXTargetDependency;
			target = 3B7312961E2678B1001572A9 /* testmobilecenter */;
			targetProxy = 3B7312AC1E2678B2001572A9 /* PBXContainerItemProxy */;
		};
		3B7312B81E2678B2001572A9 /* PBXTargetDependency */ = {
			isa = PBXTargetDependency;
			target = 3B7312961E2678B1001572A9 /* testmobilecenter */;
			targetProxy = 3B7312B71E2678B2001572A9 /* PBXContainerItemProxy */;
		};
/* End PBXTargetDependency section */

/* Begin PBXVariantGroup section */
		3B73129E1E2678B1001572A9 /* Main.storyboard */ = {
			isa = PBXVariantGroup;
			children = (
				3B73129F1E2678B1001572A9 /* Base */,
			);
			name = Main.storyboard;
			sourceTree = "<group>";
		};
		3B7312A31E2678B1001572A9 /* LaunchScreen.storyboard */ = {
			isa = PBXVariantGroup;
			children = (
				3B7312A41E2678B1001572A9 /* Base */,
			);
			name = LaunchScreen.storyboard;
			sourceTree = "<group>";
		};
/* End PBXVariantGroup section */

/* Begin XCBuildConfiguration section */
		3B7312BD1E2678B2001572A9 /* Debug */ = {
			isa = XCBuildConfiguration;
			buildSettings = {
				ALWAYS_SEARCH_USER_PATHS = NO;
				CLANG_ANALYZER_NONNULL = YES;
				CLANG_CXX_LANGUAGE_STANDARD = "gnu++0x";
				CLANG_CXX_LIBRARY = "libc++";
				CLANG_ENABLE_MODULES = YES;
				CLANG_ENABLE_OBJC_ARC = YES;
				CLANG_WARN_BOOL_CONVERSION = YES;
				CLANG_WARN_CONSTANT_CONVERSION = YES;
				CLANG_WARN_DIRECT_OBJC_ISA_USAGE = YES_ERROR;
				CLANG_WARN_DOCUMENTATION_COMMENTS = YES;
				CLANG_WARN_EMPTY_BODY = YES;
				CLANG_WARN_ENUM_CONVERSION = YES;
				CLANG_WARN_INFINITE_RECURSION = YES;
				CLANG_WARN_INT_CONVERSION = YES;
				CLANG_WARN_OBJC_ROOT_CLASS = YES_ERROR;
				CLANG_WARN_SUSPICIOUS_MOVE = YES;
				CLANG_WARN_UNREACHABLE_CODE = YES;
				CLANG_WARN__DUPLICATE_METHOD_MATCH = YES;
				"CODE_SIGN_IDENTITY[sdk=iphoneos*]" = "iPhone Developer";
				COPY_PHASE_STRIP = NO;
				DEBUG_INFORMATION_FORMAT = dwarf;
				ENABLE_STRICT_OBJC_MSGSEND = YES;
				ENABLE_TESTABILITY = YES;
				GCC_C_LANGUAGE_STANDARD = gnu99;
				GCC_DYNAMIC_NO_PIC = NO;
				GCC_NO_COMMON_BLOCKS = YES;
				GCC_OPTIMIZATION_LEVEL = 0;
				GCC_PREPROCESSOR_DEFINITIONS = (
					"DEBUG=1",
					"$(inherited)",
				);
				GCC_WARN_64_TO_32_BIT_CONVERSION = YES;
				GCC_WARN_ABOUT_RETURN_TYPE = YES_ERROR;
				GCC_WARN_UNDECLARED_SELECTOR = YES;
				GCC_WARN_UNINITIALIZED_AUTOS = YES_AGGRESSIVE;
				GCC_WARN_UNUSED_FUNCTION = YES;
				GCC_WARN_UNUSED_VARIABLE = YES;
				IPHONEOS_DEPLOYMENT_TARGET = 10.2;
				MTL_ENABLE_DEBUG_INFO = YES;
				ONLY_ACTIVE_ARCH = YES;
				SDKROOT = iphoneos;
				SWIFT_ACTIVE_COMPILATION_CONDITIONS = DEBUG;
				SWIFT_OPTIMIZATION_LEVEL = "-Onone";
			};
			name = Debug;
		};
		3B7312BE1E2678B2001572A9 /* Release */ = {
			isa = XCBuildConfiguration;
			buildSettings = {
				ALWAYS_SEARCH_USER_PATHS = NO;
				CLANG_ANALYZER_NONNULL = YES;
				CLANG_CXX_LANGUAGE_STANDARD = "gnu++0x";
				CLANG_CXX_LIBRARY = "libc++";
				CLANG_ENABLE_MODULES = YES;
				CLANG_ENABLE_OBJC_ARC = YES;
				CLANG_WARN_BOOL_CONVERSION = YES;
				CLANG_WARN_CONSTANT_CONVERSION = YES;
				CLANG_WARN_DIRECT_OBJC_ISA_USAGE = YES_ERROR;
				CLANG_WARN_DOCUMENTATION_COMMENTS = YES;
				CLANG_WARN_EMPTY_BODY = YES;
				CLANG_WARN_ENUM_CONVERSION = YES;
				CLANG_WARN_INFINITE_RECURSION = YES;
				CLANG_WARN_INT_CONVERSION = YES;
				CLANG_WARN_OBJC_ROOT_CLASS = YES_ERROR;
				CLANG_WARN_SUSPICIOUS_MOVE = YES;
				CLANG_WARN_UNREACHABLE_CODE = YES;
				CLANG_WARN__DUPLICATE_METHOD_MATCH = YES;
				"CODE_SIGN_IDENTITY[sdk=iphoneos*]" = "iPhone Developer";
				COPY_PHASE_STRIP = NO;
				DEBUG_INFORMATION_FORMAT = "dwarf-with-dsym";
				ENABLE_NS_ASSERTIONS = NO;
				ENABLE_STRICT_OBJC_MSGSEND = YES;
				GCC_C_LANGUAGE_STANDARD = gnu99;
				GCC_NO_COMMON_BLOCKS = YES;
				GCC_WARN_64_TO_32_BIT_CONVERSION = YES;
				GCC_WARN_ABOUT_RETURN_TYPE = YES_ERROR;
				GCC_WARN_UNDECLARED_SELECTOR = YES;
				GCC_WARN_UNINITIALIZED_AUTOS = YES_AGGRESSIVE;
				GCC_WARN_UNUSED_FUNCTION = YES;
				GCC_WARN_UNUSED_VARIABLE = YES;
				IPHONEOS_DEPLOYMENT_TARGET = 10.2;
				MTL_ENABLE_DEBUG_INFO = NO;
				SDKROOT = iphoneos;
				SWIFT_OPTIMIZATION_LEVEL = "-Owholemodule";
				VALIDATE_PRODUCT = YES;
			};
			name = Release;
		};
		3B7312C01E2678B2001572A9 /* Debug */ = {
			isa = XCBuildConfiguration;
			buildSettings = {
				ASSETCATALOG_COMPILER_APPICON_NAME = AppIcon;
				INFOPLIST_FILE = testmobilecenter/Info.plist;
				LD_RUNPATH_SEARCH_PATHS = "$(inherited) @executable_path/Frameworks";
				PRODUCT_BUNDLE_IDENTIFIER = com.testmobilecenter.testmobilecenter;
				PRODUCT_NAME = "$(TARGET_NAME)";
				SWIFT_VERSION = 3.0;
			};
			name = Debug;
		};
		3B7312C11E2678B2001572A9 /* Release */ = {
			isa = XCBuildConfiguration;
			buildSettings = {
				ASSETCATALOG_COMPILER_APPICON_NAME = AppIcon;
				INFOPLIST_FILE = testmobilecenter/Info.plist;
				LD_RUNPATH_SEARCH_PATHS = "$(inherited) @executable_path/Frameworks";
				PRODUCT_BUNDLE_IDENTIFIER = com.testmobilecenter.testmobilecenter;
				PRODUCT_NAME = "$(TARGET_NAME)";
				SWIFT_VERSION = 3.0;
			};
			name = Release;
		};
		3B7312C31E2678B2001572A9 /* Debug */ = {
			isa = XCBuildConfiguration;
			buildSettings = {
				ALWAYS_EMBED_SWIFT_STANDARD_LIBRARIES = YES;
				BUNDLE_LOADER = "$(TEST_HOST)";
				INFOPLIST_FILE = testmobilecenterTests/Info.plist;
				LD_RUNPATH_SEARCH_PATHS = "$(inherited) @executable_path/Frameworks @loader_path/Frameworks";
				PRODUCT_BUNDLE_IDENTIFIER = com.testmobilecenter.testmobilecenterTests;
				PRODUCT_NAME = "$(TARGET_NAME)";
				SWIFT_VERSION = 3.0;
				TEST_HOST = "$(BUILT_PRODUCTS_DIR)/testmobilecenter.app/testmobilecenter";
			};
			name = Debug;
		};
		3B7312C41E2678B2001572A9 /* Release */ = {
			isa = XCBuildConfiguration;
			buildSettings = {
				ALWAYS_EMBED_SWIFT_STANDARD_LIBRARIES = YES;
				BUNDLE_LOADER = "$(TEST_HOST)";
				INFOPLIST_FILE = testmobilecenterTests/Info.plist;
				LD_RUNPATH_SEARCH_PATHS = "$(inherited) @executable_path/Frameworks @loader_path/Frameworks";
				PRODUCT_BUNDLE_IDENTIFIER = com.testmobilecenter.testmobilecenterTests;
				PRODUCT_NAME = "$(TARGET_NAME)";
				SWIFT_VERSION = 3.0;
				TEST_HOST = "$(BUILT_PRODUCTS_DIR)/testmobilecenter.app/testmobilecenter";
			};
			name = Release;
		};
		3B7312C61E2678B2001572A9 /* Debug */ = {
			isa = XCBuildConfiguration;
			buildSettings = {
				ALWAYS_EMBED_SWIFT_STANDARD_LIBRARIES = YES;
				INFOPLIST_FILE = testmobilecenterUITests/Info.plist;
				LD_RUNPATH_SEARCH_PATHS = "$(inherited) @executable_path/Frameworks @loader_path/Frameworks";
				PRODUCT_BUNDLE_IDENTIFIER = com.testmobilecenter.testmobilecenterUITests;
				PRODUCT_NAME = "$(TARGET_NAME)";
				SWIFT_VERSION = 3.0;
				TEST_TARGET_NAME = testmobilecenter;
			};
			name = Debug;
		};
		3B7312C71E2678B2001572A9 /* Release */ = {
			isa = XCBuildConfiguration;
			buildSettings = {
				ALWAYS_EMBED_SWIFT_STANDARD_LIBRARIES = YES;
				INFOPLIST_FILE = testmobilecenterUITests/Info.plist;
				LD_RUNPATH_SEARCH_PATHS = "$(inherited) @executable_path/Frameworks @loader_path/Frameworks";
				PRODUCT_BUNDLE_IDENTIFIER = com.testmobilecenter.testmobilecenterUITests;
				PRODUCT_NAME = "$(TARGET_NAME)";
				SWIFT_VERSION = 3.0;
				TEST_TARGET_NAME = testmobilecenter;
			};
			name = Release;
		};
/* End XCBuildConfiguration section */

/* Begin XCConfigurationList section */
		3B7312921E2678B1001572A9 /* Build configuration list for PBXProject "testmobilecenter" */ = {
			isa = XCConfigurationList;
			buildConfigurations = (
				3B7312BD1E2678B2001572A9 /* Debug */,
				3B7312BE1E2678B2001572A9 /* Release */,
			);
			defaultConfigurationIsVisible = 0;
			defaultConfigurationName = Release;
		};
		3B7312BF1E2678B2001572A9 /* Build configuration list for PBXNativeTarget "testmobilecenter" */ = {
			isa = XCConfigurationList;
			buildConfigurations = (
				3B7312C01E2678B2001572A9 /* Debug */,
				3B7312C11E2678B2001572A9 /* Release */,
			);
			defaultConfigurationIsVisible = 0;
		};
		3B7312C21E2678B2001572A9 /* Build configuration list for PBXNativeTarget "testmobilecenterTests" */ = {
			isa = XCConfigurationList;
			buildConfigurations = (
				3B7312C31E2678B2001572A9 /* Debug */,
				3B7312C41E2678B2001572A9 /* Release */,
			);
			defaultConfigurationIsVisible = 0;
		};
		3B7312C51E2678B2001572A9 /* Build configuration list for PBXNativeTarget "testmobilecenterUITests" */ = {
			isa = XCConfigurationList;
			buildConfigurations = (
				3B7312C61E2678B2001572A9 /* Debug */,
				3B7312C71E2678B2001572A9 /* Release */,
			);
			defaultConfigurationIsVisible = 0;
		};
/* End XCConfigurationList section */
	};
	rootObject = 3B73128F1E2678B1001572A9 /* Project object */;
}
